// !$*UTF8*$!
{
	archiveVersion = 1;
	classes = {
	};
	objectVersion = 56;
	objects = {

/* Begin PBXBuildFile section */
		443516D628E2A0F5004E9FE6 /* Apple_FrameworksApp.swift in Sources */ = {isa = PBXBuildFile; fileRef = 443516D528E2A0F5004E9FE6 /* Apple_FrameworksApp.swift */; };
		443516DA28E2A0F6004E9FE6 /* Assets.xcassets in Resources */ = {isa = PBXBuildFile; fileRef = 443516D928E2A0F6004E9FE6 /* Assets.xcassets */; };
		443516DD28E2A0F6004E9FE6 /* Preview Assets.xcassets in Resources */ = {isa = PBXBuildFile; fileRef = 443516DC28E2A0F6004E9FE6 /* Preview Assets.xcassets */; };
		443516E428E2A121004E9FE6 /* Framework.swift in Sources */ = {isa = PBXBuildFile; fileRef = 443516E328E2A121004E9FE6 /* Framework.swift */; };
		443516E828E2A210004E9FE6 /* FrameworkGridView.swift in Sources */ = {isa = PBXBuildFile; fileRef = 443516E728E2A210004E9FE6 /* FrameworkGridView.swift */; };
		443516EA28E2A8BA004E9FE6 /* FramworkDetailView.swift in Sources */ = {isa = PBXBuildFile; fileRef = 443516E928E2A8BA004E9FE6 /* FramworkDetailView.swift */; };
		443516EC28E2A8D0004E9FE6 /* FrameworkTitleView.swift in Sources */ = {isa = PBXBuildFile; fileRef = 443516EB28E2A8D0004E9FE6 /* FrameworkTitleView.swift */; };
		443516EE28E2AD8C004E9FE6 /* AFButton.swift in Sources */ = {isa = PBXBuildFile; fileRef = 443516ED28E2AD8C004E9FE6 /* AFButton.swift */; };
		443516F028E2B104004E9FE6 /* FraneworkGridViewModel.swift in Sources */ = {isa = PBXBuildFile; fileRef = 443516EF28E2B104004E9FE6 /* FraneworkGridViewModel.swift */; };
		443516F228E2BB92004E9FE6 /* SafariView.swift in Sources */ = {isa = PBXBuildFile; fileRef = 443516F128E2BB92004E9FE6 /* SafariView.swift */; };
		44B4744228E2CC34007EDE5D /* XDismissButton.swift in Sources */ = {isa = PBXBuildFile; fileRef = 44B4744128E2CC34007EDE5D /* XDismissButton.swift */; };
/* End PBXBuildFile section */

/* Begin PBXFileReference section */
		443516D228E2A0F5004E9FE6 /* Apple-Frameworks.app */ = {isa = PBXFileReference; explicitFileType = wrapper.application; includeInIndex = 0; path = "Apple-Frameworks.app"; sourceTree = BUILT_PRODUCTS_DIR; };
		443516D528E2A0F5004E9FE6 /* Apple_FrameworksApp.swift */ = {isa = PBXFileReference; lastKnownFileType = sourcecode.swift; path = Apple_FrameworksApp.swift; sourceTree = "<group>"; };
		443516D928E2A0F6004E9FE6 /* Assets.xcassets */ = {isa = PBXFileReference; lastKnownFileType = folder.assetcatalog; path = Assets.xcassets; sourceTree = "<group>"; };
		443516DC28E2A0F6004E9FE6 /* Preview Assets.xcassets */ = {isa = PBXFileReference; lastKnownFileType = folder.assetcatalog; path = "Preview Assets.xcassets"; sourceTree = "<group>"; };
		443516E328E2A121004E9FE6 /* Framework.swift */ = {isa = PBXFileReference; lastKnownFileType = sourcecode.swift; path = Framework.swift; sourceTree = "<group>"; };
		443516E728E2A210004E9FE6 /* FrameworkGridView.swift */ = {isa = PBXFileReference; lastKnownFileType = sourcecode.swift; path = FrameworkGridView.swift; sourceTree = "<group>"; };
		443516E928E2A8BA004E9FE6 /* FramworkDetailView.swift */ = {isa = PBXFileReference; lastKnownFileType = sourcecode.swift; path = FramworkDetailView.swift; sourceTree = "<group>"; };
		443516EB28E2A8D0004E9FE6 /* FrameworkTitleView.swift */ = {isa = PBXFileReference; lastKnownFileType = sourcecode.swift; path = FrameworkTitleView.swift; sourceTree = "<group>"; };
		443516ED28E2AD8C004E9FE6 /* AFButton.swift */ = {isa = PBXFileReference; lastKnownFileType = sourcecode.swift; path = AFButton.swift; sourceTree = "<group>"; };
		443516EF28E2B104004E9FE6 /* FraneworkGridViewModel.swift */ = {isa = PBXFileReference; lastKnownFileType = sourcecode.swift; path = FraneworkGridViewModel.swift; sourceTree = "<group>"; };
		443516F128E2BB92004E9FE6 /* SafariView.swift */ = {isa = PBXFileReference; lastKnownFileType = sourcecode.swift; path = SafariView.swift; sourceTree = "<group>"; };
		44B4744128E2CC34007EDE5D /* XDismissButton.swift */ = {isa = PBXFileReference; lastKnownFileType = sourcecode.swift; path = XDismissButton.swift; sourceTree = "<group>"; };
/* End PBXFileReference section */

/* Begin PBXFrameworksBuildPhase section */
		443516CF28E2A0F5004E9FE6 /* Frameworks */ = {
			isa = PBXFrameworksBuildPhase;
			buildActionMask = 2147483647;
			files = (
			);
			runOnlyForDeploymentPostprocessing = 0;
		};
/* End PBXFrameworksBuildPhase section */

/* Begin PBXGroup section */
		443516C928E2A0F4004E9FE6 = {
			isa = PBXGroup;
			children = (
				443516D428E2A0F5004E9FE6 /* Apple-Frameworks */,
				443516D328E2A0F5004E9FE6 /* Products */,
			);
			sourceTree = "<group>";
		};
		443516D328E2A0F5004E9FE6 /* Products */ = {
			isa = PBXGroup;
			children = (
				443516D228E2A0F5004E9FE6 /* Apple-Frameworks.app */,
			);
			name = Products;
			sourceTree = "<group>";
		};
		443516D428E2A0F5004E9FE6 /* Apple-Frameworks */ = {
			isa = PBXGroup;
			children = (
				443516D528E2A0F5004E9FE6 /* Apple_FrameworksApp.swift */,
				44B4744328E2CD35007EDE5D /* Screens */,
				44B4744628E2CD99007EDE5D /* Model */,
				44B4744728E2CDA8007EDE5D /* Views */,
				44B4744A28E2CDF4007EDE5D /* UIKit Components */,
				443516D928E2A0F6004E9FE6 /* Assets.xcassets */,
				443516DB28E2A0F6004E9FE6 /* Preview Content */,
			);
			path = "Apple-Frameworks";
			sourceTree = "<group>";
		};
		443516DB28E2A0F6004E9FE6 /* Preview Content */ = {
			isa = PBXGroup;
			children = (
				443516DC28E2A0F6004E9FE6 /* Preview Assets.xcassets */,
			);
			path = "Preview Content";
			sourceTree = "<group>";
		};
		44B4744328E2CD35007EDE5D /* Screens */ = {
			isa = PBXGroup;
			children = (
				44B4744428E2CD5B007EDE5D /* FramworkGridView */,
				44B4744528E2CD81007EDE5D /* FrameworkDetailView */,
			);
			path = Screens;
			sourceTree = "<group>";
		};
		44B4744428E2CD5B007EDE5D /* FramworkGridView */ = {
			isa = PBXGroup;
			children = (
				443516E728E2A210004E9FE6 /* FrameworkGridView.swift */,
				443516EF28E2B104004E9FE6 /* FraneworkGridViewModel.swift */,
			);
			path = FramworkGridView;
			sourceTree = "<group>";
		};
		44B4744528E2CD81007EDE5D /* FrameworkDetailView */ = {
			isa = PBXGroup;
			children = (
				443516E928E2A8BA004E9FE6 /* FramworkDetailView.swift */,
			);
			path = FrameworkDetailView;
			sourceTree = "<group>";
		};
		44B4744628E2CD99007EDE5D /* Model */ = {
			isa = PBXGroup;
			children = (
				443516E328E2A121004E9FE6 /* Framework.swift */,
			);
			path = Model;
			sourceTree = "<group>";
		};
		44B4744728E2CDA8007EDE5D /* Views */ = {
			isa = PBXGroup;
			children = (
				44B4744928E2CDCE007EDE5D /* View */,
				44B4744828E2CDB8007EDE5D /* Buttons */,
			);
			path = Views;
			sourceTree = "<group>";
		};
		44B4744828E2CDB8007EDE5D /* Buttons */ = {
			isa = PBXGroup;
			children = (
				443516ED28E2AD8C004E9FE6 /* AFButton.swift */,
				44B4744128E2CC34007EDE5D /* XDismissButton.swift */,
			);
			path = Buttons;
			sourceTree = "<group>";
		};
		44B4744928E2CDCE007EDE5D /* View */ = {
			isa = PBXGroup;
			children = (
				443516EB28E2A8D0004E9FE6 /* FrameworkTitleView.swift */,
			);
			path = View;
			sourceTree = "<group>";
		};
		44B4744A28E2CDF4007EDE5D /* UIKit Components */ = {
			isa = PBXGroup;
			children = (
				443516F128E2BB92004E9FE6 /* SafariView.swift */,
			);
			path = "UIKit Components";
			sourceTree = "<group>";
		};
/* End PBXGroup section */

/* Begin PBXNativeTarget section */
		443516D128E2A0F5004E9FE6 /* Apple-Frameworks */ = {
			isa = PBXNativeTarget;
			buildConfigurationList = 443516E028E2A0F6004E9FE6 /* Build configuration list for PBXNativeTarget "Apple-Frameworks" */;
			buildPhases = (
				443516CE28E2A0F5004E9FE6 /* Sources */,
				443516CF28E2A0F5004E9FE6 /* Frameworks */,
				443516D028E2A0F5004E9FE6 /* Resources */,
			);
			buildRules = (
			);
			dependencies = (
			);
			name = "Apple-Frameworks";
			productName = "Apple-Frameworks";
			productReference = 443516D228E2A0F5004E9FE6 /* Apple-Frameworks.app */;
			productType = "com.apple.product-type.application";
		};
/* End PBXNativeTarget section */

/* Begin PBXProject section */
		443516CA28E2A0F5004E9FE6 /* Project object */ = {
			isa = PBXProject;
			attributes = {
				BuildIndependentTargetsInParallel = 1;
				LastSwiftUpdateCheck = 1400;
				LastUpgradeCheck = 1400;
				TargetAttributes = {
					443516D128E2A0F5004E9FE6 = {
						CreatedOnToolsVersion = 14.0;
					};
				};
			};
			buildConfigurationList = 443516CD28E2A0F5004E9FE6 /* Build configuration list for PBXProject "Apple-Frameworks" */;
			compatibilityVersion = "Xcode 14.0";
			developmentRegion = en;
			hasScannedForEncodings = 0;
			knownRegions = (
				en,
				Base,
			);
			mainGroup = 443516C928E2A0F4004E9FE6;
			productRefGroup = 443516D328E2A0F5004E9FE6 /* Products */;
			projectDirPath = "";
			projectRoot = "";
			targets = (
				443516D128E2A0F5004E9FE6 /* Apple-Frameworks */,
			);
		};
/* End PBXProject section */

/* Begin PBXResourcesBuildPhase section */
		443516D028E2A0F5004E9FE6 /* Resources */ = {
			isa = PBXResourcesBuildPhase;
			buildActionMask = 2147483647;
			files = (
				443516DD28E2A0F6004E9FE6 /* Preview Assets.xcassets in Resources */,
				443516DA28E2A0F6004E9FE6 /* Assets.xcassets in Resources */,
			);
			runOnlyForDeploymentPostprocessing = 0;
		};
/* End PBXResourcesBuildPhase section */

/* Begin PBXSourcesBuildPhase section */
		443516CE28E2A0F5004E9FE6 /* Sources */ = {
			isa = PBXSourcesBuildPhase;
			buildActionMask = 2147483647;
			files = (
				443516E828E2A210004E9FE6 /* FrameworkGridView.swift in Sources */,
				443516E428E2A121004E9FE6 /* Framework.swift in Sources */,
				44B4744228E2CC34007EDE5D /* XDismissButton.swift in Sources */,
				443516EA28E2A8BA004E9FE6 /* FramworkDetailView.swift in Sources */,
				443516D628E2A0F5004E9FE6 /* Apple_FrameworksApp.swift in Sources */,
				443516F228E2BB92004E9FE6 /* SafariView.swift in Sources */,
				443516EE28E2AD8C004E9FE6 /* AFButton.swift in Sources */,
				443516EC28E2A8D0004E9FE6 /* FrameworkTitleView.swift in Sources */,
				443516F028E2B104004E9FE6 /* FraneworkGridViewModel.swift in Sources */,
			);
			runOnlyForDeploymentPostprocessing = 0;
		};
/* End PBXSourcesBuildPhase section */

/* Begin XCBuildConfiguration section */
		443516DE28E2A0F6004E9FE6 /* Debug */ = {
			isa = XCBuildConfiguration;
			buildSettings = {
				ALWAYS_SEARCH_USER_PATHS = NO;
				CLANG_ANALYZER_NONNULL = YES;
				CLANG_ANALYZER_NUMBER_OBJECT_CONVERSION = YES_AGGRESSIVE;
				CLANG_CXX_LANGUAGE_STANDARD = "gnu++20";
				CLANG_ENABLE_MODULES = YES;
				CLANG_ENABLE_OBJC_ARC = YES;
				CLANG_ENABLE_OBJC_WEAK = YES;
				CLANG_WARN_BLOCK_CAPTURE_AUTORELEASING = YES;
				CLANG_WARN_BOOL_CONVERSION = YES;
				CLANG_WARN_COMMA = YES;
				CLANG_WARN_CONSTANT_CONVERSION = YES;
				CLANG_WARN_DEPRECATED_OBJC_IMPLEMENTATIONS = YES;
				CLANG_WARN_DIRECT_OBJC_ISA_USAGE = YES_ERROR;
				CLANG_WARN_DOCUMENTATION_COMMENTS = YES;
				CLANG_WARN_EMPTY_BODY = YES;
				CLANG_WARN_ENUM_CONVERSION = YES;
				CLANG_WARN_INFINITE_RECURSION = YES;
				CLANG_WARN_INT_CONVERSION = YES;
				CLANG_WARN_NON_LITERAL_NULL_CONVERSION = YES;
				CLANG_WARN_OBJC_IMPLICIT_RETAIN_SELF = YES;
				CLANG_WARN_OBJC_LITERAL_CONVERSION = YES;
				CLANG_WARN_OBJC_ROOT_CLASS = YES_ERROR;
				CLANG_WARN_QUOTED_INCLUDE_IN_FRAMEWORK_HEADER = YES;
				CLANG_WARN_RANGE_LOOP_ANALYSIS = YES;
				CLANG_WARN_STRICT_PROTOTYPES = YES;
				CLANG_WARN_SUSPICIOUS_MOVE = YES;
				CLANG_WARN_UNGUARDED_AVAILABILITY = YES_AGGRESSIVE;
				CLANG_WARN_UNREACHABLE_CODE = YES;
				CLANG_WARN__DUPLICATE_METHOD_MATCH = YES;
				COPY_PHASE_STRIP = NO;
				DEBUG_INFORMATION_FORMAT = dwarf;
				ENABLE_STRICT_OBJC_MSGSEND = YES;
				ENABLE_TESTABILITY = YES;
				GCC_C_LANGUAGE_STANDARD = gnu11;
				GCC_DYNAMIC_NO_PIC = NO;
				GCC_NO_COMMON_BLOCKS = YES;
				GCC_OPTIMIZATION_LEVEL = 0;
				GCC_PREPROCESSOR_DEFINITIONS = (
					"DEBUG=1",
					"$(inherited)",
				);
				GCC_WARN_64_TO_32_BIT_CONVERSION = YES;
				GCC_WARN_ABOUT_RETURN_TYPE = YES_ERROR;
				GCC_WARN_UNDECLARED_SELECTOR = YES;
				GCC_WARN_UNINITIALIZED_AUTOS = YES_AGGRESSIVE;
				GCC_WARN_UNUSED_FUNCTION = YES;
				GCC_WARN_UNUSED_VARIABLE = YES;
				IPHONEOS_DEPLOYMENT_TARGET = 16.0;
				MTL_ENABLE_DEBUG_INFO = INCLUDE_SOURCE;
				MTL_FAST_MATH = YES;
				ONLY_ACTIVE_ARCH = YES;
				SDKROOT = iphoneos;
				SWIFT_ACTIVE_COMPILATION_CONDITIONS = DEBUG;
				SWIFT_OPTIMIZATION_LEVEL = "-Onone";
			};
			name = Debug;
		};
		443516DF28E2A0F6004E9FE6 /* Release */ = {
			isa = XCBuildConfiguration;
			buildSettings = {
				ALWAYS_SEARCH_USER_PATHS = NO;
				CLANG_ANALYZER_NONNULL = YES;
				CLANG_ANALYZER_NUMBER_OBJECT_CONVERSION = YES_AGGRESSIVE;
				CLANG_CXX_LANGUAGE_STANDARD = "gnu++20";
				CLANG_ENABLE_MODULES = YES;
				CLANG_ENABLE_OBJC_ARC = YES;
				CLANG_ENABLE_OBJC_WEAK = YES;
				CLANG_WARN_BLOCK_CAPTURE_AUTORELEASING = YES;
				CLANG_WARN_BOOL_CONVERSION = YES;
				CLANG_WARN_COMMA = YES;
				CLANG_WARN_CONSTANT_CONVERSION = YES;
				CLANG_WARN_DEPRECATED_OBJC_IMPLEMENTATIONS = YES;
				CLANG_WARN_DIRECT_OBJC_ISA_USAGE = YES_ERROR;
				CLANG_WARN_DOCUMENTATION_COMMENTS = YES;
				CLANG_WARN_EMPTY_BODY = YES;
				CLANG_WARN_ENUM_CONVERSION = YES;
				CLANG_WARN_INFINITE_RECURSION = YES;
				CLANG_WARN_INT_CONVERSION = YES;
				CLANG_WARN_NON_LITERAL_NULL_CONVERSION = YES;
				CLANG_WARN_OBJC_IMPLICIT_RETAIN_SELF = YES;
				CLANG_WARN_OBJC_LITERAL_CONVERSION = YES;
				CLANG_WARN_OBJC_ROOT_CLASS = YES_ERROR;
				CLANG_WARN_QUOTED_INCLUDE_IN_FRAMEWORK_HEADER = YES;
				CLANG_WARN_RANGE_LOOP_ANALYSIS = YES;
				CLANG_WARN_STRICT_PROTOTYPES = YES;
				CLANG_WARN_SUSPICIOUS_MOVE = YES;
				CLANG_WARN_UNGUARDED_AVAILABILITY = YES_AGGRESSIVE;
				CLANG_WARN_UNREACHABLE_CODE = YES;
				CLANG_WARN__DUPLICATE_METHOD_MATCH = YES;
				COPY_PHASE_STRIP = NO;
				DEBUG_INFORMATION_FORMAT = "dwarf-with-dsym";
				ENABLE_NS_ASSERTIONS = NO;
				ENABLE_STRICT_OBJC_MSGSEND = YES;
				GCC_C_LANGUAGE_STANDARD = gnu11;
				GCC_NO_COMMON_BLOCKS = YES;
				GCC_WARN_64_TO_32_BIT_CONVERSION = YES;
				GCC_WARN_ABOUT_RETURN_TYPE = YES_ERROR;
				GCC_WARN_UNDECLARED_SELECTOR = YES;
				GCC_WARN_UNINITIALIZED_AUTOS = YES_AGGRESSIVE;
				GCC_WARN_UNUSED_FUNCTION = YES;
				GCC_WARN_UNUSED_VARIABLE = YES;
				IPHONEOS_DEPLOYMENT_TARGET = 16.0;
				MTL_ENABLE_DEBUG_INFO = NO;
				MTL_FAST_MATH = YES;
				SDKROOT = iphoneos;
				SWIFT_COMPILATION_MODE = wholemodule;
				SWIFT_OPTIMIZATION_LEVEL = "-O";
				VALIDATE_PRODUCT = YES;
			};
			name = Release;
		};
		443516E128E2A0F6004E9FE6 /* Debug */ = {
			isa = XCBuildConfiguration;
			buildSettings = {
				ASSETCATALOG_COMPILER_APPICON_NAME = AppIcon;
				ASSETCATALOG_COMPILER_GLOBAL_ACCENT_COLOR_NAME = AccentColor;
				CODE_SIGN_STYLE = Automatic;
				CURRENT_PROJECT_VERSION = 1;
				DEVELOPMENT_ASSET_PATHS = "\"Apple-Frameworks/Preview Content\"";
				DEVELOPMENT_TEAM = Z95C3Y6UPR;
				ENABLE_PREVIEWS = YES;
				GENERATE_INFOPLIST_FILE = YES;
				INFOPLIST_KEY_UIApplicationSceneManifest_Generation = YES;
				INFOPLIST_KEY_UIApplicationSupportsIndirectInputEvents = YES;
				INFOPLIST_KEY_UILaunchScreen_Generation = YES;
				INFOPLIST_KEY_UISupportedInterfaceOrientations_iPad = "UIInterfaceOrientationPortrait UIInterfaceOrientationPortraitUpsideDown UIInterfaceOrientationLandscapeLeft UIInterfaceOrientationLandscapeRight";
				INFOPLIST_KEY_UISupportedInterfaceOrientations_iPhone = "UIInterfaceOrientationPortrait UIInterfaceOrientationLandscapeLeft UIInterfaceOrientationLandscapeRight";
				LD_RUNPATH_SEARCH_PATHS = (
					"$(inherited)",
					"@executable_path/Frameworks",
				);
				MARKETING_VERSION = 1.0;
				PRODUCT_BUNDLE_IDENTIFIER = "com.zacharyuptin.Apple-Frameworks";
				PRODUCT_NAME = "$(TARGET_NAME)";
				SWIFT_EMIT_LOC_STRINGS = YES;
				SWIFT_VERSION = 5.0;
				TARGETED_DEVICE_FAMILY = "1,2";
			};
			name = Debug;
		};
		443516E228E2A0F6004E9FE6 /* Release */ = {
			isa = XCBuildConfiguration;
			buildSettings = {
				ASSETCATALOG_COMPILER_APPICON_NAME = AppIcon;
				ASSETCATALOG_COMPILER_GLOBAL_ACCENT_COLOR_NAME = AccentColor;
				CODE_SIGN_STYLE = Automatic;
				CURRENT_PROJECT_VERSION = 1;
				DEVELOPMENT_ASSET_PATHS = "\"Apple-Frameworks/Preview Content\"";
				DEVELOPMENT_TEAM = Z95C3Y6UPR;
				ENABLE_PREVIEWS = YES;
				GENERATE_INFOPLIST_FILE = YES;
				INFOPLIST_KEY_UIApplicationSceneManifest_Generation = YES;
				INFOPLIST_KEY_UIApplicationSupportsIndirectInputEvents = YES;
				INFOPLIST_KEY_UILaunchScreen_Generation = YES;
				INFOPLIST_KEY_UISupportedInterfaceOrientations_iPad = "UIInterfaceOrientationPortrait UIInterfaceOrientationPortraitUpsideDown UIInterfaceOrientationLandscapeLeft UIInterfaceOrientationLandscapeRight";
				INFOPLIST_KEY_UISupportedInterfaceOrientations_iPhone = "UIInterfaceOrientationPortrait UIInterfaceOrientationLandscapeLeft UIInterfaceOrientationLandscapeRight";
				LD_RUNPATH_SEARCH_PATHS = (
					"$(inherited)",
					"@executable_path/Frameworks",
				);
				MARKETING_VERSION = 1.0;
				PRODUCT_BUNDLE_IDENTIFIER = "com.zacharyuptin.Apple-Frameworks";
				PRODUCT_NAME = "$(TARGET_NAME)";
				SWIFT_EMIT_LOC_STRINGS = YES;
				SWIFT_VERSION = 5.0;
				TARGETED_DEVICE_FAMILY = "1,2";
			};
			name = Release;
		};
/* End XCBuildConfiguration section */

/* Begin XCConfigurationList section */
		443516CD28E2A0F5004E9FE6 /* Build configuration list for PBXProject "Apple-Frameworks" */ = {
			isa = XCConfigurationList;
			buildConfigurations = (
				443516DE28E2A0F6004E9FE6 /* Debug */,
				443516DF28E2A0F6004E9FE6 /* Release */,
			);
			defaultConfigurationIsVisible = 0;
			defaultConfigurationName = Release;
		};
		443516E028E2A0F6004E9FE6 /* Build configuration list for PBXNativeTarget "Apple-Frameworks" */ = {
			isa = XCConfigurationList;
			buildConfigurations = (
				443516E128E2A0F6004E9FE6 /* Debug */,
				443516E228E2A0F6004E9FE6 /* Release */,
			);
			defaultConfigurationIsVisible = 0;
			defaultConfigurationName = Release;
		};
/* End XCConfigurationList section */
	};
	rootObject = 443516CA28E2A0F5004E9FE6 /* Project object */;
}
